
Microsoft Visual Studio Solution File, Format Version 12.00
# Visual Studio Version 16
VisualStudioVersion = 16.0.30611.23
MinimumVisualStudioVersion = 10.0.40219.1
Project("{FAE04EC0-301F-11D3-BF4B-00C04F79EFBC}") = "Module05", "Module05\Module05.csproj", "{8CD9F4E1-C3F5-4D3D-9BC6-B9E26B8D7DBD}"
EndProject
Global
	GlobalSection(SolutionConfigurationPlatforms) = preSolution
		Debug|Any CPU = Debug|Any CPU
		Release|Any CPU = Release|Any CPU
	EndGlobalSection
	GlobalSection(ProjectConfigurationPlatforms) = postSolution
		{8CD9F4E1-C3F5-4D3D-9BC6-B9E26B8D7DBD}.Debug|Any CPU.ActiveCfg = Debug|Any CPU
		{8CD9F4E1-C3F5-4D3D-9BC6-B9E26B8D7DBD}.Debug|Any CPU.Build.0 = Debug|Any CPU
		{8CD9F4E1-C3F5-4D3D-9BC6-B9E26B8D7DBD}.Release|Any CPU.ActiveCfg = Release|Any CPU
		{8CD9F4E1-C3F5-4D3D-9BC6-B9E26B8D7DBD}.Release|Any CPU.Build.0 = Release|Any CPU
	EndGlobalSection
	GlobalSection(SolutionProperties) = preSolution
		HideSolutionNode = FALSE
	EndGlobalSection
	GlobalSection(ExtensibilityGlobals) = postSolution
		SolutionGuid = {27D3C8DF-788D-480F-86C1-AA8C64B8ECC9}
	EndGlobalSection
EndGlobal
