
Microsoft Visual Studio Solution File, Format Version 12.00
# Visual Studio Version 16
VisualStudioVersion = 16.0.30611.23
MinimumVisualStudioVersion = 10.0.40219.1
Project("{FAE04EC0-301F-11D3-BF4B-00C04F79EFBC}") = "Module10", "Module10\Module10.csproj", "{0B8973FC-8804-439E-8FF6-D1FB779AEDD5}"
EndProject
Global
	GlobalSection(SolutionConfigurationPlatforms) = preSolution
		Debug|Any CPU = Debug|Any CPU
		Release|Any CPU = Release|Any CPU
	EndGlobalSection
	GlobalSection(ProjectConfigurationPlatforms) = postSolution
		{0B8973FC-8804-439E-8FF6-D1FB779AEDD5}.Debug|Any CPU.ActiveCfg = Debug|Any CPU
		{0B8973FC-8804-439E-8FF6-D1FB779AEDD5}.Debug|Any CPU.Build.0 = Debug|Any CPU
		{0B8973FC-8804-439E-8FF6-D1FB779AEDD5}.Release|Any CPU.ActiveCfg = Release|Any CPU
		{0B8973FC-8804-439E-8FF6-D1FB779AEDD5}.Release|Any CPU.Build.0 = Release|Any CPU
	EndGlobalSection
	GlobalSection(SolutionProperties) = preSolution
		HideSolutionNode = FALSE
	EndGlobalSection
	GlobalSection(ExtensibilityGlobals) = postSolution
		SolutionGuid = {735B8C8E-7855-415B-9E24-9FE26C395FE0}
	EndGlobalSection
EndGlobal
